// !$*UTF8*$!
{
	archiveVersion = 1;
	classes = {
	};
	objectVersion = 52;
	objects = {

/* Begin PBXBuildFile section */
		1FC5383A253893C500D80CC5 /* DemoApp.swift in Sources */ = {isa = PBXBuildFile; fileRef = 1FC53839253893C500D80CC5 /* DemoApp.swift */; };
		1FC5383C253893C500D80CC5 /* ContentView.swift in Sources */ = {isa = PBXBuildFile; fileRef = 1FC5383B253893C500D80CC5 /* ContentView.swift */; };
		1FC5383E253893C700D80CC5 /* Assets.xcassets in Resources */ = {isa = PBXBuildFile; fileRef = 1FC5383D253893C700D80CC5 /* Assets.xcassets */; };
		1FC53841253893C700D80CC5 /* Preview Assets.xcassets in Resources */ = {isa = PBXBuildFile; fileRef = 1FC53840253893C700D80CC5 /* Preview Assets.xcassets */; };
		1FC5385A25389C1D00D80CC5 /* ImagePlaceholder in Frameworks */ = {isa = PBXBuildFile; productRef = 1FC5385925389C1D00D80CC5 /* ImagePlaceholder */; };
		1FC5386425389C8B00D80CC5 /* AppDelegate.swift in Sources */ = {isa = PBXBuildFile; fileRef = 1FC5386325389C8B00D80CC5 /* AppDelegate.swift */; };
		1FC5386625389C8B00D80CC5 /* ContentView.swift in Sources */ = {isa = PBXBuildFile; fileRef = 1FC5386525389C8B00D80CC5 /* ContentView.swift */; };
		1FC5386825389C8D00D80CC5 /* Assets.xcassets in Resources */ = {isa = PBXBuildFile; fileRef = 1FC5386725389C8C00D80CC5 /* Assets.xcassets */; };
		1FC5386B25389C8D00D80CC5 /* Preview Assets.xcassets in Resources */ = {isa = PBXBuildFile; fileRef = 1FC5386A25389C8D00D80CC5 /* Preview Assets.xcassets */; };
		1FC5386E25389C8D00D80CC5 /* Main.storyboard in Resources */ = {isa = PBXBuildFile; fileRef = 1FC5386C25389C8D00D80CC5 /* Main.storyboard */; };
		1FC5387925389CE200D80CC5 /* ImagePlaceholder in Frameworks */ = {isa = PBXBuildFile; productRef = 1FC5387825389CE200D80CC5 /* ImagePlaceholder */; };
/* End PBXBuildFile section */

/* Begin PBXFileReference section */
		1FC53836253893C500D80CC5 /* ImagePlaceholderDemo-iOS.app */ = {isa = PBXFileReference; explicitFileType = wrapper.application; includeInIndex = 0; path = "ImagePlaceholderDemo-iOS.app"; sourceTree = BUILT_PRODUCTS_DIR; };
		1FC53839253893C500D80CC5 /* DemoApp.swift */ = {isa = PBXFileReference; lastKnownFileType = sourcecode.swift; path = DemoApp.swift; sourceTree = "<group>"; };
		1FC5383B253893C500D80CC5 /* ContentView.swift */ = {isa = PBXFileReference; lastKnownFileType = sourcecode.swift; path = ContentView.swift; sourceTree = "<group>"; };
		1FC5383D253893C700D80CC5 /* Assets.xcassets */ = {isa = PBXFileReference; lastKnownFileType = folder.assetcatalog; path = Assets.xcassets; sourceTree = "<group>"; };
		1FC53840253893C700D80CC5 /* Preview Assets.xcassets */ = {isa = PBXFileReference; lastKnownFileType = folder.assetcatalog; path = "Preview Assets.xcassets"; sourceTree = "<group>"; };
		1FC53842253893C700D80CC5 /* Info.plist */ = {isa = PBXFileReference; lastKnownFileType = text.plist.xml; path = Info.plist; sourceTree = "<group>"; };
		1FC5385625389C0B00D80CC5 /* ImagePlaceholder */ = {isa = PBXFileReference; lastKnownFileType = folder; name = ImagePlaceholder; path = ..; sourceTree = "<group>"; };
		1FC5386125389C8B00D80CC5 /* ImagePlaceholderDemo-macOS.app */ = {isa = PBXFileReference; explicitFileType = wrapper.application; includeInIndex = 0; path = "ImagePlaceholderDemo-macOS.app"; sourceTree = BUILT_PRODUCTS_DIR; };
		1FC5386325389C8B00D80CC5 /* AppDelegate.swift */ = {isa = PBXFileReference; lastKnownFileType = sourcecode.swift; path = AppDelegate.swift; sourceTree = "<group>"; };
		1FC5386525389C8B00D80CC5 /* ContentView.swift */ = {isa = PBXFileReference; lastKnownFileType = sourcecode.swift; path = ContentView.swift; sourceTree = "<group>"; };
		1FC5386725389C8C00D80CC5 /* Assets.xcassets */ = {isa = PBXFileReference; lastKnownFileType = folder.assetcatalog; path = Assets.xcassets; sourceTree = "<group>"; };
		1FC5386A25389C8D00D80CC5 /* Preview Assets.xcassets */ = {isa = PBXFileReference; lastKnownFileType = folder.assetcatalog; path = "Preview Assets.xcassets"; sourceTree = "<group>"; };
		1FC5386D25389C8D00D80CC5 /* Base */ = {isa = PBXFileReference; lastKnownFileType = file.storyboard; name = Base; path = Base.lproj/Main.storyboard; sourceTree = "<group>"; };
		1FC5386F25389C8D00D80CC5 /* Info.plist */ = {isa = PBXFileReference; lastKnownFileType = text.plist.xml; path = Info.plist; sourceTree = "<group>"; };
		1FC5387025389C8D00D80CC5 /* ImagePlaceholderDemo_macOS.entitlements */ = {isa = PBXFileReference; lastKnownFileType = text.plist.entitlements; path = ImagePlaceholderDemo_macOS.entitlements; sourceTree = "<group>"; };
/* End PBXFileReference section */

/* Begin PBXFrameworksBuildPhase section */
		1FC53833253893C500D80CC5 /* Frameworks */ = {
			isa = PBXFrameworksBuildPhase;
			buildActionMask = 2147483647;
			files = (
				1FC5385A25389C1D00D80CC5 /* ImagePlaceholder in Frameworks */,
			);
			runOnlyForDeploymentPostprocessing = 0;
		};
		1FC5385E25389C8B00D80CC5 /* Frameworks */ = {
			isa = PBXFrameworksBuildPhase;
			buildActionMask = 2147483647;
			files = (
				1FC5387925389CE200D80CC5 /* ImagePlaceholder in Frameworks */,
			);
			runOnlyForDeploymentPostprocessing = 0;
		};
/* End PBXFrameworksBuildPhase section */

/* Begin PBXGroup section */
		1FC5382D253893C500D80CC5 = {
			isa = PBXGroup;
			children = (
				1FC5385625389C0B00D80CC5 /* ImagePlaceholder */,
				1FC53838253893C500D80CC5 /* ImagePlaceholderDemo-iOS */,
				1FC5386225389C8B00D80CC5 /* ImagePlaceholderDemo-macOS */,
				1FC53837253893C500D80CC5 /* Products */,
				1FC5385825389C1D00D80CC5 /* Frameworks */,
			);
			sourceTree = "<group>";
		};
		1FC53837253893C500D80CC5 /* Products */ = {
			isa = PBXGroup;
			children = (
				1FC53836253893C500D80CC5 /* ImagePlaceholderDemo-iOS.app */,
				1FC5386125389C8B00D80CC5 /* ImagePlaceholderDemo-macOS.app */,
			);
			name = Products;
			sourceTree = "<group>";
		};
		1FC53838253893C500D80CC5 /* ImagePlaceholderDemo-iOS */ = {
			isa = PBXGroup;
			children = (
				1FC53839253893C500D80CC5 /* DemoApp.swift */,
				1FC5383B253893C500D80CC5 /* ContentView.swift */,
				1FC5383D253893C700D80CC5 /* Assets.xcassets */,
				1FC53842253893C700D80CC5 /* Info.plist */,
				1FC5383F253893C700D80CC5 /* Preview Content */,
			);
			path = "ImagePlaceholderDemo-iOS";
			sourceTree = "<group>";
		};
		1FC5383F253893C700D80CC5 /* Preview Content */ = {
			isa = PBXGroup;
			children = (
				1FC53840253893C700D80CC5 /* Preview Assets.xcassets */,
			);
			path = "Preview Content";
			sourceTree = "<group>";
		};
		1FC5385825389C1D00D80CC5 /* Frameworks */ = {
			isa = PBXGroup;
			children = (
			);
			name = Frameworks;
			sourceTree = "<group>";
		};
		1FC5386225389C8B00D80CC5 /* ImagePlaceholderDemo-macOS */ = {
			isa = PBXGroup;
			children = (
				1FC5386325389C8B00D80CC5 /* AppDelegate.swift */,
				1FC5386525389C8B00D80CC5 /* ContentView.swift */,
				1FC5386725389C8C00D80CC5 /* Assets.xcassets */,
				1FC5386C25389C8D00D80CC5 /* Main.storyboard */,
				1FC5386F25389C8D00D80CC5 /* Info.plist */,
				1FC5387025389C8D00D80CC5 /* ImagePlaceholderDemo_macOS.entitlements */,
				1FC5386925389C8D00D80CC5 /* Preview Content */,
			);
			path = "ImagePlaceholderDemo-macOS";
			sourceTree = "<group>";
		};
		1FC5386925389C8D00D80CC5 /* Preview Content */ = {
			isa = PBXGroup;
			children = (
				1FC5386A25389C8D00D80CC5 /* Preview Assets.xcassets */,
			);
			path = "Preview Content";
			sourceTree = "<group>";
		};
/* End PBXGroup section */

/* Begin PBXNativeTarget section */
		1FC53835253893C500D80CC5 /* ImagePlaceholderDemo-iOS */ = {
			isa = PBXNativeTarget;
			buildConfigurationList = 1FC53845253893C700D80CC5 /* Build configuration list for PBXNativeTarget "ImagePlaceholderDemo-iOS" */;
			buildPhases = (
				1FC53832253893C500D80CC5 /* Sources */,
				1FC53833253893C500D80CC5 /* Frameworks */,
				1FC53834253893C500D80CC5 /* Resources */,
			);
			buildRules = (
			);
			dependencies = (
			);
			name = "ImagePlaceholderDemo-iOS";
			packageProductDependencies = (
				1FC5385925389C1D00D80CC5 /* ImagePlaceholder */,
			);
			productName = ImagePlaceholderDemo;
			productReference = 1FC53836253893C500D80CC5 /* ImagePlaceholderDemo-iOS.app */;
			productType = "com.apple.product-type.application";
		};
		1FC5386025389C8B00D80CC5 /* ImagePlaceholderDemo-macOS */ = {
			isa = PBXNativeTarget;
			buildConfigurationList = 1FC5387125389C8D00D80CC5 /* Build configuration list for PBXNativeTarget "ImagePlaceholderDemo-macOS" */;
			buildPhases = (
				1FC5385D25389C8B00D80CC5 /* Sources */,
				1FC5385E25389C8B00D80CC5 /* Frameworks */,
				1FC5385F25389C8B00D80CC5 /* Resources */,
			);
			buildRules = (
			);
			dependencies = (
			);
			name = "ImagePlaceholderDemo-macOS";
			packageProductDependencies = (
				1FC5387825389CE200D80CC5 /* ImagePlaceholder */,
			);
			productName = "ImagePlaceholderDemo-macOS";
			productReference = 1FC5386125389C8B00D80CC5 /* ImagePlaceholderDemo-macOS.app */;
			productType = "com.apple.product-type.application";
		};
/* End PBXNativeTarget section */

/* Begin PBXProject section */
		1FC5382E253893C500D80CC5 /* Project object */ = {
			isa = PBXProject;
			attributes = {
				LastSwiftUpdateCheck = 1200;
				LastUpgradeCheck = 1200;
				TargetAttributes = {
					1FC53835253893C500D80CC5 = {
						CreatedOnToolsVersion = 12.0;
					};
					1FC5386025389C8B00D80CC5 = {
						CreatedOnToolsVersion = 12.0;
					};
				};
			};
			buildConfigurationList = 1FC53831253893C500D80CC5 /* Build configuration list for PBXProject "ImagePlaceholderDemo" */;
			compatibilityVersion = "Xcode 9.3";
			developmentRegion = en;
			hasScannedForEncodings = 0;
			knownRegions = (
				en,
				Base,
			);
			mainGroup = 1FC5382D253893C500D80CC5;
			productRefGroup = 1FC53837253893C500D80CC5 /* Products */;
			projectDirPath = "";
			projectRoot = "";
			targets = (
				1FC53835253893C500D80CC5 /* ImagePlaceholderDemo-iOS */,
				1FC5386025389C8B00D80CC5 /* ImagePlaceholderDemo-macOS */,
			);
		};
/* End PBXProject section */

/* Begin PBXResourcesBuildPhase section */
		1FC53834253893C500D80CC5 /* Resources */ = {
			isa = PBXResourcesBuildPhase;
			buildActionMask = 2147483647;
			files = (
				1FC53841253893C700D80CC5 /* Preview Assets.xcassets in Resources */,
				1FC5383E253893C700D80CC5 /* Assets.xcassets in Resources */,
			);
			runOnlyForDeploymentPostprocessing = 0;
		};
		1FC5385F25389C8B00D80CC5 /* Resources */ = {
			isa = PBXResourcesBuildPhase;
			buildActionMask = 2147483647;
			files = (
				1FC5386E25389C8D00D80CC5 /* Main.storyboard in Resources */,
				1FC5386B25389C8D00D80CC5 /* Preview Assets.xcassets in Resources */,
				1FC5386825389C8D00D80CC5 /* Assets.xcassets in Resources */,
			);
			runOnlyForDeploymentPostprocessing = 0;
		};
/* End PBXResourcesBuildPhase section */

/* Begin PBXSourcesBuildPhase section */
		1FC53832253893C500D80CC5 /* Sources */ = {
			isa = PBXSourcesBuildPhase;
			buildActionMask = 2147483647;
			files = (
				1FC5383C253893C500D80CC5 /* ContentView.swift in Sources */,
				1FC5383A253893C500D80CC5 /* DemoApp.swift in Sources */,
			);
			runOnlyForDeploymentPostprocessing = 0;
		};
		1FC5385D25389C8B00D80CC5 /* Sources */ = {
			isa = PBXSourcesBuildPhase;
			buildActionMask = 2147483647;
			files = (
				1FC5386625389C8B00D80CC5 /* ContentView.swift in Sources */,
				1FC5386425389C8B00D80CC5 /* AppDelegate.swift in Sources */,
			);
			runOnlyForDeploymentPostprocessing = 0;
		};
/* End PBXSourcesBuildPhase section */

/* Begin PBXVariantGroup section */
		1FC5386C25389C8D00D80CC5 /* Main.storyboard */ = {
			isa = PBXVariantGroup;
			children = (
				1FC5386D25389C8D00D80CC5 /* Base */,
			);
			name = Main.storyboard;
			sourceTree = "<group>";
		};
/* End PBXVariantGroup section */

/* Begin XCBuildConfiguration section */
		1FC53843253893C700D80CC5 /* Debug */ = {
			isa = XCBuildConfiguration;
			buildSettings = {
				ALWAYS_SEARCH_USER_PATHS = NO;
				CLANG_ANALYZER_NONNULL = YES;
				CLANG_ANALYZER_NUMBER_OBJECT_CONVERSION = YES_AGGRESSIVE;
				CLANG_CXX_LANGUAGE_STANDARD = "gnu++14";
				CLANG_CXX_LIBRARY = "libc++";
				CLANG_ENABLE_MODULES = YES;
				CLANG_ENABLE_OBJC_ARC = YES;
				CLANG_ENABLE_OBJC_WEAK = YES;
				CLANG_WARN_BLOCK_CAPTURE_AUTORELEASING = YES;
				CLANG_WARN_BOOL_CONVERSION = YES;
				CLANG_WARN_COMMA = YES;
				CLANG_WARN_CONSTANT_CONVERSION = YES;
				CLANG_WARN_DEPRECATED_OBJC_IMPLEMENTATIONS = YES;
				CLANG_WARN_DIRECT_OBJC_ISA_USAGE = YES_ERROR;
				CLANG_WARN_DOCUMENTATION_COMMENTS = YES;
				CLANG_WARN_EMPTY_BODY = YES;
				CLANG_WARN_ENUM_CONVERSION = YES;
				CLANG_WARN_INFINITE_RECURSION = YES;
				CLANG_WARN_INT_CONVERSION = YES;
				CLANG_WARN_NON_LITERAL_NULL_CONVERSION = YES;
				CLANG_WARN_OBJC_IMPLICIT_RETAIN_SELF = YES;
				CLANG_WARN_OBJC_LITERAL_CONVERSION = YES;
				CLANG_WARN_OBJC_ROOT_CLASS = YES_ERROR;
				CLANG_WARN_QUOTED_INCLUDE_IN_FRAMEWORK_HEADER = YES;
				CLANG_WARN_RANGE_LOOP_ANALYSIS = YES;
				CLANG_WARN_STRICT_PROTOTYPES = YES;
				CLANG_WARN_SUSPICIOUS_MOVE = YES;
				CLANG_WARN_UNGUARDED_AVAILABILITY = YES_AGGRESSIVE;
				CLANG_WARN_UNREACHABLE_CODE = YES;
				CLANG_WARN__DUPLICATE_METHOD_MATCH = YES;
				COPY_PHASE_STRIP = NO;
				DEBUG_INFORMATION_FORMAT = dwarf;
				ENABLE_STRICT_OBJC_MSGSEND = YES;
				ENABLE_TESTABILITY = YES;
				GCC_C_LANGUAGE_STANDARD = gnu11;
				GCC_DYNAMIC_NO_PIC = NO;
				GCC_NO_COMMON_BLOCKS = YES;
				GCC_OPTIMIZATION_LEVEL = 0;
				GCC_PREPROCESSOR_DEFINITIONS = (
					"DEBUG=1",
					"$(inherited)",
				);
				GCC_WARN_64_TO_32_BIT_CONVERSION = YES;
				GCC_WARN_ABOUT_RETURN_TYPE = YES_ERROR;
				GCC_WARN_UNDECLARED_SELECTOR = YES;
				GCC_WARN_UNINITIALIZED_AUTOS = YES_AGGRESSIVE;
				GCC_WARN_UNUSED_FUNCTION = YES;
				GCC_WARN_UNUSED_VARIABLE = YES;
				IPHONEOS_DEPLOYMENT_TARGET = 14.0;
				MTL_ENABLE_DEBUG_INFO = INCLUDE_SOURCE;
				MTL_FAST_MATH = YES;
				ONLY_ACTIVE_ARCH = YES;
				SDKROOT = iphoneos;
				SWIFT_ACTIVE_COMPILATION_CONDITIONS = DEBUG;
				SWIFT_OPTIMIZATION_LEVEL = "-Onone";
			};
			name = Debug;
		};
		1FC53844253893C700D80CC5 /* Release */ = {
			isa = XCBuildConfiguration;
			buildSettings = {
				ALWAYS_SEARCH_USER_PATHS = NO;
				CLANG_ANALYZER_NONNULL = YES;
				CLANG_ANALYZER_NUMBER_OBJECT_CONVERSION = YES_AGGRESSIVE;
				CLANG_CXX_LANGUAGE_STANDARD = "gnu++14";
				CLANG_CXX_LIBRARY = "libc++";
				CLANG_ENABLE_MODULES = YES;
				CLANG_ENABLE_OBJC_ARC = YES;
				CLANG_ENABLE_OBJC_WEAK = YES;
				CLANG_WARN_BLOCK_CAPTURE_AUTORELEASING = YES;
				CLANG_WARN_BOOL_CONVERSION = YES;
				CLANG_WARN_COMMA = YES;
				CLANG_WARN_CONSTANT_CONVERSION = YES;
				CLANG_WARN_DEPRECATED_OBJC_IMPLEMENTATIONS = YES;
				CLANG_WARN_DIRECT_OBJC_ISA_USAGE = YES_ERROR;
				CLANG_WARN_DOCUMENTATION_COMMENTS = YES;
				CLANG_WARN_EMPTY_BODY = YES;
				CLANG_WARN_ENUM_CONVERSION = YES;
				CLANG_WARN_INFINITE_RECURSION = YES;
				CLANG_WARN_INT_CONVERSION = YES;
				CLANG_WARN_NON_LITERAL_NULL_CONVERSION = YES;
				CLANG_WARN_OBJC_IMPLICIT_RETAIN_SELF = YES;
				CLANG_WARN_OBJC_LITERAL_CONVERSION = YES;
				CLANG_WARN_OBJC_ROOT_CLASS = YES_ERROR;
				CLANG_WARN_QUOTED_INCLUDE_IN_FRAMEWORK_HEADER = YES;
				CLANG_WARN_RANGE_LOOP_ANALYSIS = YES;
				CLANG_WARN_STRICT_PROTOTYPES = YES;
				CLANG_WARN_SUSPICIOUS_MOVE = YES;
				CLANG_WARN_UNGUARDED_AVAILABILITY = YES_AGGRESSIVE;
				CLANG_WARN_UNREACHABLE_CODE = YES;
				CLANG_WARN__DUPLICATE_METHOD_MATCH = YES;
				COPY_PHASE_STRIP = NO;
				DEBUG_INFORMATION_FORMAT = "dwarf-with-dsym";
				ENABLE_NS_ASSERTIONS = NO;
				ENABLE_STRICT_OBJC_MSGSEND = YES;
				GCC_C_LANGUAGE_STANDARD = gnu11;
				GCC_NO_COMMON_BLOCKS = YES;
				GCC_WARN_64_TO_32_BIT_CONVERSION = YES;
				GCC_WARN_ABOUT_RETURN_TYPE = YES_ERROR;
				GCC_WARN_UNDECLARED_SELECTOR = YES;
				GCC_WARN_UNINITIALIZED_AUTOS = YES_AGGRESSIVE;
				GCC_WARN_UNUSED_FUNCTION = YES;
				GCC_WARN_UNUSED_VARIABLE = YES;
				IPHONEOS_DEPLOYMENT_TARGET = 14.0;
				MTL_ENABLE_DEBUG_INFO = NO;
				MTL_FAST_MATH = YES;
				SDKROOT = iphoneos;
				SWIFT_COMPILATION_MODE = wholemodule;
				SWIFT_OPTIMIZATION_LEVEL = "-O";
				VALIDATE_PRODUCT = YES;
			};
			name = Release;
		};
		1FC53846253893C700D80CC5 /* Debug */ = {
			isa = XCBuildConfiguration;
			buildSettings = {
				ASSETCATALOG_COMPILER_APPICON_NAME = AppIcon;
				ASSETCATALOG_COMPILER_GLOBAL_ACCENT_COLOR_NAME = AccentColor;
				CODE_SIGN_STYLE = Automatic;
				DEVELOPMENT_ASSET_PATHS = "\"ImagePlaceholderDemo-iOS/Preview Content\"";
				DEVELOPMENT_TEAM = UMBZ5WL247;
				ENABLE_PREVIEWS = YES;
				INFOPLIST_FILE = "ImagePlaceholderDemo-iOS/Info.plist";
				IPHONEOS_DEPLOYMENT_TARGET = 14.0;
				LD_RUNPATH_SEARCH_PATHS = (
					"$(inherited)",
					"@executable_path/Frameworks",
				);
				PRODUCT_BUNDLE_IDENTIFIER = com.inamiy.ImagePlaceholderDemo;
				PRODUCT_NAME = "$(TARGET_NAME)";
				SWIFT_VERSION = 5.0;
				TARGETED_DEVICE_FAMILY = "1,2";
			};
			name = Debug;
		};
		1FC53847253893C700D80CC5 /* Release */ = {
			isa = XCBuildConfiguration;
			buildSettings = {
				ASSETCATALOG_COMPILER_APPICON_NAME = AppIcon;
				ASSETCATALOG_COMPILER_GLOBAL_ACCENT_COLOR_NAME = AccentColor;
				CODE_SIGN_STYLE = Automatic;
				DEVELOPMENT_ASSET_PATHS = "\"ImagePlaceholderDemo-iOS/Preview Content\"";
				DEVELOPMENT_TEAM = UMBZ5WL247;
				ENABLE_PREVIEWS = YES;
				INFOPLIST_FILE = "ImagePlaceholderDemo-iOS/Info.plist";
				IPHONEOS_DEPLOYMENT_TARGET = 14.0;
				LD_RUNPATH_SEARCH_PATHS = (
					"$(inherited)",
					"@executable_path/Frameworks",
				);
				PRODUCT_BUNDLE_IDENTIFIER = com.inamiy.ImagePlaceholderDemo;
				PRODUCT_NAME = "$(TARGET_NAME)";
				SWIFT_VERSION = 5.0;
				TARGETED_DEVICE_FAMILY = "1,2";
			};
			name = Release;
		};
		1FC5387225389C8D00D80CC5 /* Debug */ = {
			isa = XCBuildConfiguration;
			buildSettings = {
				ASSETCATALOG_COMPILER_APPICON_NAME = AppIcon;
				ASSETCATALOG_COMPILER_GLOBAL_ACCENT_COLOR_NAME = AccentColor;
				CODE_SIGN_ENTITLEMENTS = "ImagePlaceholderDemo-macOS/ImagePlaceholderDemo_macOS.entitlements";
				CODE_SIGN_STYLE = Automatic;
				COMBINE_HIDPI_IMAGES = YES;
				DEVELOPMENT_ASSET_PATHS = "\"ImagePlaceholderDemo-macOS/Preview Content\"";
				DEVELOPMENT_TEAM = UMBZ5WL247;
				ENABLE_HARDENED_RUNTIME = YES;
				ENABLE_PREVIEWS = YES;
				INFOPLIST_FILE = "ImagePlaceholderDemo-macOS/Info.plist";
				LD_RUNPATH_SEARCH_PATHS = (
					"$(inherited)",
					"@executable_path/../Frameworks",
				);
				MACOSX_DEPLOYMENT_TARGET = 10.15;
				PRODUCT_BUNDLE_IDENTIFIER = "com.inamiy.ImagePlaceholderDemo-macOS";
				PRODUCT_NAME = "$(TARGET_NAME)";
				SDKROOT = macosx;
				SWIFT_VERSION = 5.0;
			};
			name = Debug;
		};
		1FC5387325389C8D00D80CC5 /* Release */ = {
			isa = XCBuildConfiguration;
			buildSettings = {
				ASSETCATALOG_COMPILER_APPICON_NAME = AppIcon;
				ASSETCATALOG_COMPILER_GLOBAL_ACCENT_COLOR_NAME = AccentColor;
				CODE_SIGN_ENTITLEMENTS = "ImagePlaceholderDemo-macOS/ImagePlaceholderDemo_macOS.entitlements";
				CODE_SIGN_STYLE = Automatic;
				COMBINE_HIDPI_IMAGES = YES;
				DEVELOPMENT_ASSET_PATHS = "\"ImagePlaceholderDemo-macOS/Preview Content\"";
				DEVELOPMENT_TEAM = UMBZ5WL247;
				ENABLE_HARDENED_RUNTIME = YES;
				ENABLE_PREVIEWS = YES;
				INFOPLIST_FILE = "ImagePlaceholderDemo-macOS/Info.plist";
				LD_RUNPATH_SEARCH_PATHS = (
					"$(inherited)",
					"@executable_path/../Frameworks",
				);
				MACOSX_DEPLOYMENT_TARGET = 10.15;
				PRODUCT_BUNDLE_IDENTIFIER = "com.inamiy.ImagePlaceholderDemo-macOS";
				PRODUCT_NAME = "$(TARGET_NAME)";
				SDKROOT = macosx;
				SWIFT_VERSION = 5.0;
			};
			name = Release;
		};
/* End XCBuildConfiguration section */

/* Begin XCConfigurationList section */
		1FC53831253893C500D80CC5 /* Build configuration list for PBXProject "ImagePlaceholderDemo" */ = {
			isa = XCConfigurationList;
			buildConfigurations = (
				1FC53843253893C700D80CC5 /* Debug */,
				1FC53844253893C700D80CC5 /* Release */,
			);
			defaultConfigurationIsVisible = 0;
			defaultConfigurationName = Release;
		};
		1FC53845253893C700D80CC5 /* Build configuration list for PBXNativeTarget "ImagePlaceholderDemo-iOS" */ = {
			isa = XCConfigurationList;
			buildConfigurations = (
				1FC53846253893C700D80CC5 /* Debug */,
				1FC53847253893C700D80CC5 /* Release */,
			);
			defaultConfigurationIsVisible = 0;
			defaultConfigurationName = Release;
		};
		1FC5387125389C8D00D80CC5 /* Build configuration list for PBXNativeTarget "ImagePlaceholderDemo-macOS" */ = {
			isa = XCConfigurationList;
			buildConfigurations = (
				1FC5387225389C8D00D80CC5 /* Debug */,
				1FC5387325389C8D00D80CC5 /* Release */,
			);
			defaultConfigurationIsVisible = 0;
			defaultConfigurationName = Release;
		};
/* End XCConfigurationList section */

/* Begin XCSwiftPackageProductDependency section */
		1FC5385925389C1D00D80CC5 /* ImagePlaceholder */ = {
			isa = XCSwiftPackageProductDependency;
			productName = ImagePlaceholder;
		};
		1FC5387825389CE200D80CC5 /* ImagePlaceholder */ = {
			isa = XCSwiftPackageProductDependency;
			productName = ImagePlaceholder;
		};
/* End XCSwiftPackageProductDependency section */
	};
	rootObject = 1FC5382E253893C500D80CC5 /* Project object */;
}
